
Microsoft Visual Studio Solution File, Format Version 12.00
# Visual Studio 15
VisualStudioVersion = 15.0.27703.2042
MinimumVisualStudioVersion = 10.0.40219.1
Project("{FAE04EC0-301F-11D3-BF4B-00C04F79EFBC}") = "Program_UniLecs", "Program_UniLecs\Program_UniLecs.csproj", "{686EDA2A-6962-41F9-A173-4BAFC9E96024}"
EndProject
Project("{FAE04EC0-301F-11D3-BF4B-00C04F79EFBC}") = "Task1", "Task1\Task1.csproj", "{062F42C0-D11C-45F7-ADD8-49696EADD6AA}"
EndProject
Project("{FAE04EC0-301F-11D3-BF4B-00C04F79EFBC}") = "Task21", "Task21\Task21.csproj", "{E415E92B-99C7-4180-98BE-D3323884BB15}"
EndProject
Project("{FAE04EC0-301F-11D3-BF4B-00C04F79EFBC}") = "Task30", "Task30\Task30.csproj", "{C7910BC0-A21B-4459-AD94-8954B5F7484B}"
EndProject
Global
	GlobalSection(SolutionConfigurationPlatforms) = preSolution
		Debug|Any CPU = Debug|Any CPU
		Release|Any CPU = Release|Any CPU
	EndGlobalSection
	GlobalSection(ProjectConfigurationPlatforms) = postSolution
		{686EDA2A-6962-41F9-A173-4BAFC9E96024}.Debug|Any CPU.ActiveCfg = Debug|Any CPU
		{686EDA2A-6962-41F9-A173-4BAFC9E96024}.Debug|Any CPU.Build.0 = Debug|Any CPU
		{686EDA2A-6962-41F9-A173-4BAFC9E96024}.Release|Any CPU.ActiveCfg = Release|Any CPU
		{686EDA2A-6962-41F9-A173-4BAFC9E96024}.Release|Any CPU.Build.0 = Release|Any CPU
		{062F42C0-D11C-45F7-ADD8-49696EADD6AA}.Debug|Any CPU.ActiveCfg = Debug|Any CPU
		{062F42C0-D11C-45F7-ADD8-49696EADD6AA}.Debug|Any CPU.Build.0 = Debug|Any CPU
		{062F42C0-D11C-45F7-ADD8-49696EADD6AA}.Release|Any CPU.ActiveCfg = Release|Any CPU
		{062F42C0-D11C-45F7-ADD8-49696EADD6AA}.Release|Any CPU.Build.0 = Release|Any CPU
		{E415E92B-99C7-4180-98BE-D3323884BB15}.Debug|Any CPU.ActiveCfg = Debug|Any CPU
		{E415E92B-99C7-4180-98BE-D3323884BB15}.Debug|Any CPU.Build.0 = Debug|Any CPU
		{E415E92B-99C7-4180-98BE-D3323884BB15}.Release|Any CPU.ActiveCfg = Release|Any CPU
		{E415E92B-99C7-4180-98BE-D3323884BB15}.Release|Any CPU.Build.0 = Release|Any CPU
		{C7910BC0-A21B-4459-AD94-8954B5F7484B}.Debug|Any CPU.ActiveCfg = Debug|Any CPU
		{C7910BC0-A21B-4459-AD94-8954B5F7484B}.Debug|Any CPU.Build.0 = Debug|Any CPU
		{C7910BC0-A21B-4459-AD94-8954B5F7484B}.Release|Any CPU.ActiveCfg = Release|Any CPU
		{C7910BC0-A21B-4459-AD94-8954B5F7484B}.Release|Any CPU.Build.0 = Release|Any CPU
	EndGlobalSection
	GlobalSection(SolutionProperties) = preSolution
		HideSolutionNode = FALSE
	EndGlobalSection
	GlobalSection(ExtensibilityGlobals) = postSolution
		SolutionGuid = {FE523C1F-9C54-44B5-A67B-36E7BA81401D}
	EndGlobalSection
EndGlobal
