
Microsoft Visual Studio Solution File, Format Version 12.00
# Visual Studio Version 16
VisualStudioVersion = 16.0.28315.86
MinimumVisualStudioVersion = 10.0.40219.1
Project("{FAE04EC0-301F-11D3-BF4B-00C04F79EFBC}") = "Program_UniLecs", "Program_UniLecs\Program_UniLecs.csproj", "{686EDA2A-6962-41F9-A173-4BAFC9E96024}"
EndProject
Project("{FAE04EC0-301F-11D3-BF4B-00C04F79EFBC}") = "Task1", "Task1\Task1.csproj", "{062F42C0-D11C-45F7-ADD8-49696EADD6AA}"
EndProject
Project("{FAE04EC0-301F-11D3-BF4B-00C04F79EFBC}") = "Task21", "Task21\Task21.csproj", "{E415E92B-99C7-4180-98BE-D3323884BB15}"
EndProject
Project("{FAE04EC0-301F-11D3-BF4B-00C04F79EFBC}") = "Task30", "Task30\Task30.csproj", "{C7910BC0-A21B-4459-AD94-8954B5F7484B}"
EndProject
Project("{FAE04EC0-301F-11D3-BF4B-00C04F79EFBC}") = "Task37", "Task37\Task37.csproj", "{2B8718E4-821B-44A3-B213-890A862521E4}"
EndProject
Project("{FAE04EC0-301F-11D3-BF4B-00C04F79EFBC}") = "Task3", "Task3\Task3.csproj", "{55263CDC-6A4E-4C5B-B991-11E8EBA0BEAB}"
EndProject
Project("{FAE04EC0-301F-11D3-BF4B-00C04F79EFBC}") = "Task2", "Task2\Task2.csproj", "{3FAFC636-D7F3-4804-BC53-ACAC3B828B67}"
EndProject
Project("{FAE04EC0-301F-11D3-BF4B-00C04F79EFBC}") = "Task5", "Task5\Task5.csproj", "{F2F6DEA5-B42F-4CDB-BE53-CAACE0FC1C52}"
EndProject
Project("{FAE04EC0-301F-11D3-BF4B-00C04F79EFBC}") = "Task6", "Task6\Task6.csproj", "{1F6197E9-B483-452E-939A-0E0E2A21DB1D}"
EndProject
Project("{FAE04EC0-301F-11D3-BF4B-00C04F79EFBC}") = "Task7", "Task7\Task7.csproj", "{65A6AFBD-BE5A-41DC-BF35-0E3538E08EAA}"
EndProject
Project("{FAE04EC0-301F-11D3-BF4B-00C04F79EFBC}") = "Task8", "Task8\Task8.csproj", "{793C062A-F728-452F-B25D-68C0DDE19361}"
EndProject
Project("{FAE04EC0-301F-11D3-BF4B-00C04F79EFBC}") = "Task9", "Task9\Task9.csproj", "{227622A9-8334-4C18-A8D0-3D770DE45A3D}"
EndProject
Project("{FAE04EC0-301F-11D3-BF4B-00C04F79EFBC}") = "Task10", "Task10\Task10.csproj", "{91566777-3BD6-4C50-9B75-89991B3B15C5}"
EndProject
Project("{FAE04EC0-301F-11D3-BF4B-00C04F79EFBC}") = "Task11", "Task11\Task11.csproj", "{9C9C1397-983D-4367-BBEE-A900E466C8FA}"
EndProject
Project("{FAE04EC0-301F-11D3-BF4B-00C04F79EFBC}") = "Task12", "Task12\Task12.csproj", "{830CF8B7-377C-4D02-B6E0-24FAECD6F130}"
EndProject
Project("{FAE04EC0-301F-11D3-BF4B-00C04F79EFBC}") = "Task13", "Task13\Task13.csproj", "{38A5F14E-53D1-48A0-9520-065F8658BBBA}"
EndProject
Project("{FAE04EC0-301F-11D3-BF4B-00C04F79EFBC}") = "Task14", "Task14\Task14.csproj", "{A50AF424-7E56-4219-9485-A7F4BEEE2902}"
EndProject
Project("{FAE04EC0-301F-11D3-BF4B-00C04F79EFBC}") = "Task17", "Task17\Task17.csproj", "{7CBAF41C-D495-4853-BE6A-40F7BC3C1F4A}"
EndProject
Global
	GlobalSection(SolutionConfigurationPlatforms) = preSolution
		Debug|Any CPU = Debug|Any CPU
		Release|Any CPU = Release|Any CPU
	EndGlobalSection
	GlobalSection(ProjectConfigurationPlatforms) = postSolution
		{686EDA2A-6962-41F9-A173-4BAFC9E96024}.Debug|Any CPU.ActiveCfg = Debug|Any CPU
		{686EDA2A-6962-41F9-A173-4BAFC9E96024}.Debug|Any CPU.Build.0 = Debug|Any CPU
		{686EDA2A-6962-41F9-A173-4BAFC9E96024}.Release|Any CPU.ActiveCfg = Release|Any CPU
		{686EDA2A-6962-41F9-A173-4BAFC9E96024}.Release|Any CPU.Build.0 = Release|Any CPU
		{062F42C0-D11C-45F7-ADD8-49696EADD6AA}.Debug|Any CPU.ActiveCfg = Debug|Any CPU
		{062F42C0-D11C-45F7-ADD8-49696EADD6AA}.Debug|Any CPU.Build.0 = Debug|Any CPU
		{062F42C0-D11C-45F7-ADD8-49696EADD6AA}.Release|Any CPU.ActiveCfg = Release|Any CPU
		{062F42C0-D11C-45F7-ADD8-49696EADD6AA}.Release|Any CPU.Build.0 = Release|Any CPU
		{E415E92B-99C7-4180-98BE-D3323884BB15}.Debug|Any CPU.ActiveCfg = Debug|Any CPU
		{E415E92B-99C7-4180-98BE-D3323884BB15}.Debug|Any CPU.Build.0 = Debug|Any CPU
		{E415E92B-99C7-4180-98BE-D3323884BB15}.Release|Any CPU.ActiveCfg = Release|Any CPU
		{E415E92B-99C7-4180-98BE-D3323884BB15}.Release|Any CPU.Build.0 = Release|Any CPU
		{C7910BC0-A21B-4459-AD94-8954B5F7484B}.Debug|Any CPU.ActiveCfg = Debug|Any CPU
		{C7910BC0-A21B-4459-AD94-8954B5F7484B}.Debug|Any CPU.Build.0 = Debug|Any CPU
		{C7910BC0-A21B-4459-AD94-8954B5F7484B}.Release|Any CPU.ActiveCfg = Release|Any CPU
		{C7910BC0-A21B-4459-AD94-8954B5F7484B}.Release|Any CPU.Build.0 = Release|Any CPU
		{2B8718E4-821B-44A3-B213-890A862521E4}.Debug|Any CPU.ActiveCfg = Debug|Any CPU
		{2B8718E4-821B-44A3-B213-890A862521E4}.Debug|Any CPU.Build.0 = Debug|Any CPU
		{2B8718E4-821B-44A3-B213-890A862521E4}.Release|Any CPU.ActiveCfg = Release|Any CPU
		{2B8718E4-821B-44A3-B213-890A862521E4}.Release|Any CPU.Build.0 = Release|Any CPU
		{55263CDC-6A4E-4C5B-B991-11E8EBA0BEAB}.Debug|Any CPU.ActiveCfg = Debug|Any CPU
		{55263CDC-6A4E-4C5B-B991-11E8EBA0BEAB}.Debug|Any CPU.Build.0 = Debug|Any CPU
		{55263CDC-6A4E-4C5B-B991-11E8EBA0BEAB}.Release|Any CPU.ActiveCfg = Release|Any CPU
		{55263CDC-6A4E-4C5B-B991-11E8EBA0BEAB}.Release|Any CPU.Build.0 = Release|Any CPU
		{3FAFC636-D7F3-4804-BC53-ACAC3B828B67}.Debug|Any CPU.ActiveCfg = Debug|Any CPU
		{3FAFC636-D7F3-4804-BC53-ACAC3B828B67}.Debug|Any CPU.Build.0 = Debug|Any CPU
		{3FAFC636-D7F3-4804-BC53-ACAC3B828B67}.Release|Any CPU.ActiveCfg = Release|Any CPU
		{3FAFC636-D7F3-4804-BC53-ACAC3B828B67}.Release|Any CPU.Build.0 = Release|Any CPU
		{F2F6DEA5-B42F-4CDB-BE53-CAACE0FC1C52}.Debug|Any CPU.ActiveCfg = Debug|Any CPU
		{F2F6DEA5-B42F-4CDB-BE53-CAACE0FC1C52}.Debug|Any CPU.Build.0 = Debug|Any CPU
		{F2F6DEA5-B42F-4CDB-BE53-CAACE0FC1C52}.Release|Any CPU.ActiveCfg = Release|Any CPU
		{F2F6DEA5-B42F-4CDB-BE53-CAACE0FC1C52}.Release|Any CPU.Build.0 = Release|Any CPU
		{1F6197E9-B483-452E-939A-0E0E2A21DB1D}.Debug|Any CPU.ActiveCfg = Debug|Any CPU
		{1F6197E9-B483-452E-939A-0E0E2A21DB1D}.Debug|Any CPU.Build.0 = Debug|Any CPU
		{1F6197E9-B483-452E-939A-0E0E2A21DB1D}.Release|Any CPU.ActiveCfg = Release|Any CPU
		{1F6197E9-B483-452E-939A-0E0E2A21DB1D}.Release|Any CPU.Build.0 = Release|Any CPU
		{65A6AFBD-BE5A-41DC-BF35-0E3538E08EAA}.Debug|Any CPU.ActiveCfg = Debug|Any CPU
		{65A6AFBD-BE5A-41DC-BF35-0E3538E08EAA}.Debug|Any CPU.Build.0 = Debug|Any CPU
		{65A6AFBD-BE5A-41DC-BF35-0E3538E08EAA}.Release|Any CPU.ActiveCfg = Release|Any CPU
		{65A6AFBD-BE5A-41DC-BF35-0E3538E08EAA}.Release|Any CPU.Build.0 = Release|Any CPU
		{793C062A-F728-452F-B25D-68C0DDE19361}.Debug|Any CPU.ActiveCfg = Debug|Any CPU
		{793C062A-F728-452F-B25D-68C0DDE19361}.Debug|Any CPU.Build.0 = Debug|Any CPU
		{793C062A-F728-452F-B25D-68C0DDE19361}.Release|Any CPU.ActiveCfg = Release|Any CPU
		{793C062A-F728-452F-B25D-68C0DDE19361}.Release|Any CPU.Build.0 = Release|Any CPU
		{227622A9-8334-4C18-A8D0-3D770DE45A3D}.Debug|Any CPU.ActiveCfg = Debug|Any CPU
		{227622A9-8334-4C18-A8D0-3D770DE45A3D}.Debug|Any CPU.Build.0 = Debug|Any CPU
		{227622A9-8334-4C18-A8D0-3D770DE45A3D}.Release|Any CPU.ActiveCfg = Release|Any CPU
		{227622A9-8334-4C18-A8D0-3D770DE45A3D}.Release|Any CPU.Build.0 = Release|Any CPU
		{91566777-3BD6-4C50-9B75-89991B3B15C5}.Debug|Any CPU.ActiveCfg = Debug|Any CPU
		{91566777-3BD6-4C50-9B75-89991B3B15C5}.Debug|Any CPU.Build.0 = Debug|Any CPU
		{91566777-3BD6-4C50-9B75-89991B3B15C5}.Release|Any CPU.ActiveCfg = Release|Any CPU
		{91566777-3BD6-4C50-9B75-89991B3B15C5}.Release|Any CPU.Build.0 = Release|Any CPU
		{9C9C1397-983D-4367-BBEE-A900E466C8FA}.Debug|Any CPU.ActiveCfg = Debug|Any CPU
		{9C9C1397-983D-4367-BBEE-A900E466C8FA}.Debug|Any CPU.Build.0 = Debug|Any CPU
		{9C9C1397-983D-4367-BBEE-A900E466C8FA}.Release|Any CPU.ActiveCfg = Release|Any CPU
		{9C9C1397-983D-4367-BBEE-A900E466C8FA}.Release|Any CPU.Build.0 = Release|Any CPU
		{830CF8B7-377C-4D02-B6E0-24FAECD6F130}.Debug|Any CPU.ActiveCfg = Debug|Any CPU
		{830CF8B7-377C-4D02-B6E0-24FAECD6F130}.Debug|Any CPU.Build.0 = Debug|Any CPU
		{830CF8B7-377C-4D02-B6E0-24FAECD6F130}.Release|Any CPU.ActiveCfg = Release|Any CPU
		{830CF8B7-377C-4D02-B6E0-24FAECD6F130}.Release|Any CPU.Build.0 = Release|Any CPU
		{38A5F14E-53D1-48A0-9520-065F8658BBBA}.Debug|Any CPU.ActiveCfg = Debug|Any CPU
		{38A5F14E-53D1-48A0-9520-065F8658BBBA}.Debug|Any CPU.Build.0 = Debug|Any CPU
		{38A5F14E-53D1-48A0-9520-065F8658BBBA}.Release|Any CPU.ActiveCfg = Release|Any CPU
		{38A5F14E-53D1-48A0-9520-065F8658BBBA}.Release|Any CPU.Build.0 = Release|Any CPU
		{A50AF424-7E56-4219-9485-A7F4BEEE2902}.Debug|Any CPU.ActiveCfg = Debug|Any CPU
		{A50AF424-7E56-4219-9485-A7F4BEEE2902}.Debug|Any CPU.Build.0 = Debug|Any CPU
		{A50AF424-7E56-4219-9485-A7F4BEEE2902}.Release|Any CPU.ActiveCfg = Release|Any CPU
		{A50AF424-7E56-4219-9485-A7F4BEEE2902}.Release|Any CPU.Build.0 = Release|Any CPU
		{7CBAF41C-D495-4853-BE6A-40F7BC3C1F4A}.Debug|Any CPU.ActiveCfg = Debug|Any CPU
		{7CBAF41C-D495-4853-BE6A-40F7BC3C1F4A}.Debug|Any CPU.Build.0 = Debug|Any CPU
		{7CBAF41C-D495-4853-BE6A-40F7BC3C1F4A}.Release|Any CPU.ActiveCfg = Release|Any CPU
		{7CBAF41C-D495-4853-BE6A-40F7BC3C1F4A}.Release|Any CPU.Build.0 = Release|Any CPU
	EndGlobalSection
	GlobalSection(SolutionProperties) = preSolution
		HideSolutionNode = FALSE
	EndGlobalSection
	GlobalSection(ExtensibilityGlobals) = postSolution
		SolutionGuid = {FE523C1F-9C54-44B5-A67B-36E7BA81401D}
	EndGlobalSection
EndGlobal
